// !$*UTF8*$!
{
	archiveVersion = 1;
	classes = {
	};
	objectVersion = 50;
	objects = {

/* Begin PBXBuildFile section */
		3DDB3145F53FDB788D6849DA /* Pods_unicornUploader.framework in Frameworks */ = {isa = PBXBuildFile; fileRef = 3FFF373832B31F885A11C38D /* Pods_unicornUploader.framework */; };
		8D35354C206F9EF000AA967E /* AppDelegate.swift in Sources */ = {isa = PBXBuildFile; fileRef = 8D35354B206F9EF000AA967E /* AppDelegate.swift */; };
		8D353551206F9EF000AA967E /* Main.storyboard in Resources */ = {isa = PBXBuildFile; fileRef = 8D35354F206F9EF000AA967E /* Main.storyboard */; };
		8D353553206F9EF200AA967E /* Assets.xcassets in Resources */ = {isa = PBXBuildFile; fileRef = 8D353552206F9EF200AA967E /* Assets.xcassets */; };
		8D353556206F9EF200AA967E /* LaunchScreen.storyboard in Resources */ = {isa = PBXBuildFile; fileRef = 8D353554206F9EF200AA967E /* LaunchScreen.storyboard */; };
		8D35355E206FA0DF00AA967E /* GoogleService-Info.plist in Resources */ = {isa = PBXBuildFile; fileRef = 8D35355D206FA0DF00AA967E /* GoogleService-Info.plist */; };
		8D353562206FAC1000AA967E /* UnicornsTableViewController.swift in Sources */ = {isa = PBXBuildFile; fileRef = 8D353561206FAC1000AA967E /* UnicornsTableViewController.swift */; };
		8D353564206FAC3B00AA967E /* UploadUnicornViewController.swift in Sources */ = {isa = PBXBuildFile; fileRef = 8D353563206FAC3B00AA967E /* UploadUnicornViewController.swift */; };
		8D353566206FB16000AA967E /* UnicornTableViewCell.swift in Sources */ = {isa = PBXBuildFile; fileRef = 8D353565206FB16000AA967E /* UnicornTableViewCell.swift */; };
		8D353569206FB48A00AA967E /* Unicorn.swift in Sources */ = {isa = PBXBuildFile; fileRef = 8D353568206FB48A00AA967E /* Unicorn.swift */; };
/* End PBXBuildFile section */

/* Begin PBXFileReference section */
		1C61FEEDC902AABCAF44046F /* Pods-unicornUploader.debug.xcconfig */ = {isa = PBXFileReference; includeInIndex = 1; lastKnownFileType = text.xcconfig; name = "Pods-unicornUploader.debug.xcconfig"; path = "Pods/Target Support Files/Pods-unicornUploader/Pods-unicornUploader.debug.xcconfig"; sourceTree = "<group>"; };
		2B50EC1EFD038814F87439DB /* Pods-unicornUploader.release.xcconfig */ = {isa = PBXFileReference; includeInIndex = 1; lastKnownFileType = text.xcconfig; name = "Pods-unicornUploader.release.xcconfig"; path = "Pods/Target Support Files/Pods-unicornUploader/Pods-unicornUploader.release.xcconfig"; sourceTree = "<group>"; };
		3FFF373832B31F885A11C38D /* Pods_unicornUploader.framework */ = {isa = PBXFileReference; explicitFileType = wrapper.framework; includeInIndex = 0; path = Pods_unicornUploader.framework; sourceTree = BUILT_PRODUCTS_DIR; };
		8D353548206F9EF000AA967E /* unicornUploader.app */ = {isa = PBXFileReference; explicitFileType = wrapper.application; includeInIndex = 0; path = unicornUploader.app; sourceTree = BUILT_PRODUCTS_DIR; };
		8D35354B206F9EF000AA967E /* AppDelegate.swift */ = {isa = PBXFileReference; lastKnownFileType = sourcecode.swift; path = AppDelegate.swift; sourceTree = "<group>"; };
		8D353550206F9EF000AA967E /* Base */ = {isa = PBXFileReference; lastKnownFileType = file.storyboard; name = Base; path = Base.lproj/Main.storyboard; sourceTree = "<group>"; };
		8D353552206F9EF200AA967E /* Assets.xcassets */ = {isa = PBXFileReference; lastKnownFileType = folder.assetcatalog; path = Assets.xcassets; sourceTree = "<group>"; };
		8D353555206F9EF200AA967E /* Base */ = {isa = PBXFileReference; lastKnownFileType = file.storyboard; name = Base; path = Base.lproj/LaunchScreen.storyboard; sourceTree = "<group>"; };
		8D353557206F9EF200AA967E /* Info.plist */ = {isa = PBXFileReference; lastKnownFileType = text.plist.xml; path = Info.plist; sourceTree = "<group>"; };
		8D35355D206FA0DF00AA967E /* GoogleService-Info.plist */ = {isa = PBXFileReference; fileEncoding = 4; lastKnownFileType = text.plist.xml; path = "GoogleService-Info.plist"; sourceTree = "<group>"; };
		8D353561206FAC1000AA967E /* UnicornsTableViewController.swift */ = {isa = PBXFileReference; lastKnownFileType = sourcecode.swift; path = UnicornsTableViewController.swift; sourceTree = "<group>"; };
		8D353563206FAC3B00AA967E /* UploadUnicornViewController.swift */ = {isa = PBXFileReference; lastKnownFileType = sourcecode.swift; path = UploadUnicornViewController.swift; sourceTree = "<group>"; };
		8D353565206FB16000AA967E /* UnicornTableViewCell.swift */ = {isa = PBXFileReference; lastKnownFileType = sourcecode.swift; path = UnicornTableViewCell.swift; sourceTree = "<group>"; };
		8D353568206FB48A00AA967E /* Unicorn.swift */ = {isa = PBXFileReference; lastKnownFileType = sourcecode.swift; path = Unicorn.swift; sourceTree = "<group>"; };
/* End PBXFileReference section */

/* Begin PBXFrameworksBuildPhase section */
		8D353545206F9EEF00AA967E /* Frameworks */ = {
			isa = PBXFrameworksBuildPhase;
			buildActionMask = 2147483647;
			files = (
				3DDB3145F53FDB788D6849DA /* Pods_unicornUploader.framework in Frameworks */,
			);
			runOnlyForDeploymentPostprocessing = 0;
		};
/* End PBXFrameworksBuildPhase section */

/* Begin PBXGroup section */
		089FD42A7E9D6776201F0256 /* Frameworks */ = {
			isa = PBXGroup;
			children = (
				3FFF373832B31F885A11C38D /* Pods_unicornUploader.framework */,
			);
			name = Frameworks;
			sourceTree = "<group>";
		};
		4D08614F0AAD237D3923C44E /* Pods */ = {
			isa = PBXGroup;
			children = (
				1C61FEEDC902AABCAF44046F /* Pods-unicornUploader.debug.xcconfig */,
				2B50EC1EFD038814F87439DB /* Pods-unicornUploader.release.xcconfig */,
			);
			name = Pods;
			sourceTree = "<group>";
		};
		8D35353F206F9EEF00AA967E = {
			isa = PBXGroup;
			children = (
				8D35354A206F9EF000AA967E /* unicornUploader */,
				8D353549206F9EF000AA967E /* Products */,
				4D08614F0AAD237D3923C44E /* Pods */,
				089FD42A7E9D6776201F0256 /* Frameworks */,
			);
			sourceTree = "<group>";
		};
		8D353549206F9EF000AA967E /* Products */ = {
			isa = PBXGroup;
			children = (
				8D353548206F9EF000AA967E /* unicornUploader.app */,
			);
			name = Products;
			sourceTree = "<group>";
		};
		8D35354A206F9EF000AA967E /* unicornUploader */ = {
			isa = PBXGroup;
			children = (
				8D35354B206F9EF000AA967E /* AppDelegate.swift */,
				8D35355D206FA0DF00AA967E /* GoogleService-Info.plist */,
				8D353557206F9EF200AA967E /* Info.plist */,
				8D35356C206FBB4400AA967E /* Cells */,
				8D35355F206FAB9300AA967E /* ViewControllers */,
				8D353567206FB47900AA967E /* Models */,
				8D353560206FABA600AA967E /* Supporting Files */,
			);
			path = unicornUploader;
			sourceTree = "<group>";
		};
		8D35355F206FAB9300AA967E /* ViewControllers */ = {
			isa = PBXGroup;
			children = (
				8D353561206FAC1000AA967E /* UnicornsTableViewController.swift */,
				8D353563206FAC3B00AA967E /* UploadUnicornViewController.swift */,
			);
			path = ViewControllers;
			sourceTree = "<group>";
		};
		8D353560206FABA600AA967E /* Supporting Files */ = {
			isa = PBXGroup;
			children = (
				8D35354F206F9EF000AA967E /* Main.storyboard */,
				8D353552206F9EF200AA967E /* Assets.xcassets */,
				8D353554206F9EF200AA967E /* LaunchScreen.storyboard */,
			);
			path = "Supporting Files";
			sourceTree = "<group>";
		};
		8D353567206FB47900AA967E /* Models */ = {
			isa = PBXGroup;
			children = (
				8D353568206FB48A00AA967E /* Unicorn.swift */,
			);
			path = Models;
			sourceTree = "<group>";
		};
		8D35356C206FBB4400AA967E /* Cells */ = {
			isa = PBXGroup;
			children = (
				8D353565206FB16000AA967E /* UnicornTableViewCell.swift */,
			);
			path = Cells;
			sourceTree = "<group>";
		};
/* End PBXGroup section */

/* Begin PBXNativeTarget section */
		8D353547206F9EEF00AA967E /* unicornUploader */ = {
			isa = PBXNativeTarget;
			buildConfigurationList = 8D35355A206F9EF200AA967E /* Build configuration list for PBXNativeTarget "unicornUploader" */;
			buildPhases = (
				992D1EDF1B9588D5B128A7E8 /* [CP] Check Pods Manifest.lock */,
				8D353544206F9EEF00AA967E /* Sources */,
				8D353545206F9EEF00AA967E /* Frameworks */,
				8D353546206F9EEF00AA967E /* Resources */,
				9E9F79B7DCEDFCE8006FEE70 /* [CP] Embed Pods Frameworks */,
				F050EFC960477BEF815D0AC9 /* [CP] Copy Pods Resources */,
			);
			buildRules = (
			);
			dependencies = (
			);
			name = unicornUploader;
			productName = unicornUploader;
			productReference = 8D353548206F9EF000AA967E /* unicornUploader.app */;
			productType = "com.apple.product-type.application";
		};
/* End PBXNativeTarget section */

/* Begin PBXProject section */
		8D353540206F9EEF00AA967E /* Project object */ = {
			isa = PBXProject;
			attributes = {
				LastSwiftUpdateCheck = 0930;
				LastUpgradeCheck = 0930;
				ORGANIZATIONNAME = dido;
				TargetAttributes = {
					8D353547206F9EEF00AA967E = {
						CreatedOnToolsVersion = 9.3;
					};
				};
			};
			buildConfigurationList = 8D353543206F9EEF00AA967E /* Build configuration list for PBXProject "unicornUploader" */;
			compatibilityVersion = "Xcode 9.3";
			developmentRegion = en;
			hasScannedForEncodings = 0;
			knownRegions = (
				en,
				Base,
			);
			mainGroup = 8D35353F206F9EEF00AA967E;
			productRefGroup = 8D353549206F9EF000AA967E /* Products */;
			projectDirPath = "";
			projectRoot = "";
			targets = (
				8D353547206F9EEF00AA967E /* unicornUploader */,
			);
		};
/* End PBXProject section */

/* Begin PBXResourcesBuildPhase section */
		8D353546206F9EEF00AA967E /* Resources */ = {
			isa = PBXResourcesBuildPhase;
			buildActionMask = 2147483647;
			files = (
				8D353556206F9EF200AA967E /* LaunchScreen.storyboard in Resources */,
				8D353553206F9EF200AA967E /* Assets.xcassets in Resources */,
				8D35355E206FA0DF00AA967E /* GoogleService-Info.plist in Resources */,
				8D353551206F9EF000AA967E /* Main.storyboard in Resources */,
			);
			runOnlyForDeploymentPostprocessing = 0;
		};
/* End PBXResourcesBuildPhase section */

/* Begin PBXShellScriptBuildPhase section */
		992D1EDF1B9588D5B128A7E8 /* [CP] Check Pods Manifest.lock */ = {
			isa = PBXShellScriptBuildPhase;
			buildActionMask = 2147483647;
			files = (
			);
			inputPaths = (
				"${PODS_PODFILE_DIR_PATH}/Podfile.lock",
				"${PODS_ROOT}/Manifest.lock",
			);
			name = "[CP] Check Pods Manifest.lock";
			outputPaths = (
				"$(DERIVED_FILE_DIR)/Pods-unicornUploader-checkManifestLockResult.txt",
			);
			runOnlyForDeploymentPostprocessing = 0;
			shellPath = /bin/sh;
			shellScript = "diff \"${PODS_PODFILE_DIR_PATH}/Podfile.lock\" \"${PODS_ROOT}/Manifest.lock\" > /dev/null\nif [ $? != 0 ] ; then\n    # print error to STDERR\n    echo \"error: The sandbox is not in sync with the Podfile.lock. Run 'pod install' or update your CocoaPods installation.\" >&2\n    exit 1\nfi\n# This output is used by Xcode 'outputs' to avoid re-running this script phase.\necho \"SUCCESS\" > \"${SCRIPT_OUTPUT_FILE_0}\"\n";
			showEnvVarsInLog = 0;
		};
		9E9F79B7DCEDFCE8006FEE70 /* [CP] Embed Pods Frameworks */ = {
			isa = PBXShellScriptBuildPhase;
			buildActionMask = 2147483647;
			files = (
			);
			inputPaths = (
				"${SRCROOT}/Pods/Target Support Files/Pods-unicornUploader/Pods-unicornUploader-frameworks.sh",
				"${BUILT_PRODUCTS_DIR}/GoogleToolboxForMac/GoogleToolboxForMac.framework",
				"${BUILT_PRODUCTS_DIR}/nanopb/nanopb.framework",
			);
			name = "[CP] Embed Pods Frameworks";
			outputPaths = (
				"${TARGET_BUILD_DIR}/${FRAMEWORKS_FOLDER_PATH}/GoogleToolboxForMac.framework",
				"${TARGET_BUILD_DIR}/${FRAMEWORKS_FOLDER_PATH}/nanopb.framework",
			);
			runOnlyForDeploymentPostprocessing = 0;
			shellPath = /bin/sh;
			shellScript = "\"${SRCROOT}/Pods/Target Support Files/Pods-unicornUploader/Pods-unicornUploader-frameworks.sh\"\n";
			showEnvVarsInLog = 0;
		};
		F050EFC960477BEF815D0AC9 /* [CP] Copy Pods Resources */ = {
			isa = PBXShellScriptBuildPhase;
			buildActionMask = 2147483647;
			files = (
			);
			inputPaths = (
			);
			name = "[CP] Copy Pods Resources";
			outputPaths = (
			);
			runOnlyForDeploymentPostprocessing = 0;
			shellPath = /bin/sh;
			shellScript = "\"${SRCROOT}/Pods/Target Support Files/Pods-unicornUploader/Pods-unicornUploader-resources.sh\"\n";
			showEnvVarsInLog = 0;
		};
/* End PBXShellScriptBuildPhase section */

/* Begin PBXSourcesBuildPhase section */
		8D353544206F9EEF00AA967E /* Sources */ = {
			isa = PBXSourcesBuildPhase;
			buildActionMask = 2147483647;
			files = (
				8D353562206FAC1000AA967E /* UnicornsTableViewController.swift in Sources */,
				8D353569206FB48A00AA967E /* Unicorn.swift in Sources */,
				8D353564206FAC3B00AA967E /* UploadUnicornViewController.swift in Sources */,
				8D353566206FB16000AA967E /* UnicornTableViewCell.swift in Sources */,
				8D35354C206F9EF000AA967E /* AppDelegate.swift in Sources */,
			);
			runOnlyForDeploymentPostprocessing = 0;
		};
/* End PBXSourcesBuildPhase section */

/* Begin PBXVariantGroup section */
		8D35354F206F9EF000AA967E /* Main.storyboard */ = {
			isa = PBXVariantGroup;
			children = (
				8D353550206F9EF000AA967E /* Base */,
			);
			name = Main.storyboard;
			sourceTree = "<group>";
		};
		8D353554206F9EF200AA967E /* LaunchScreen.storyboard */ = {
			isa = PBXVariantGroup;
			children = (
				8D353555206F9EF200AA967E /* Base */,
			);
			name = LaunchScreen.storyboard;
			sourceTree = "<group>";
		};
/* End PBXVariantGroup section */

/* Begin XCBuildConfiguration section */
		8D353558206F9EF200AA967E /* Debug */ = {
			isa = XCBuildConfiguration;
			buildSettings = {
				ALWAYS_SEARCH_USER_PATHS = NO;
				CLANG_ANALYZER_NONNULL = YES;
				CLANG_ANALYZER_NUMBER_OBJECT_CONVERSION = YES_AGGRESSIVE;
				CLANG_CXX_LANGUAGE_STANDARD = "gnu++14";
				CLANG_CXX_LIBRARY = "libc++";
				CLANG_ENABLE_MODULES = YES;
				CLANG_ENABLE_OBJC_ARC = YES;
				CLANG_ENABLE_OBJC_WEAK = YES;
				CLANG_WARN_BLOCK_CAPTURE_AUTORELEASING = YES;
				CLANG_WARN_BOOL_CONVERSION = YES;
				CLANG_WARN_COMMA = YES;
				CLANG_WARN_CONSTANT_CONVERSION = YES;
				CLANG_WARN_DEPRECATED_OBJC_IMPLEMENTATIONS = YES;
				CLANG_WARN_DIRECT_OBJC_ISA_USAGE = YES_ERROR;
				CLANG_WARN_DOCUMENTATION_COMMENTS = YES;
				CLANG_WARN_EMPTY_BODY = YES;
				CLANG_WARN_ENUM_CONVERSION = YES;
				CLANG_WARN_INFINITE_RECURSION = YES;
				CLANG_WARN_INT_CONVERSION = YES;
				CLANG_WARN_NON_LITERAL_NULL_CONVERSION = YES;
				CLANG_WARN_OBJC_IMPLICIT_RETAIN_SELF = YES;
				CLANG_WARN_OBJC_LITERAL_CONVERSION = YES;
				CLANG_WARN_OBJC_ROOT_CLASS = YES_ERROR;
				CLANG_WARN_RANGE_LOOP_ANALYSIS = YES;
				CLANG_WARN_STRICT_PROTOTYPES = YES;
				CLANG_WARN_SUSPICIOUS_MOVE = YES;
				CLANG_WARN_UNGUARDED_AVAILABILITY = YES_AGGRESSIVE;
				CLANG_WARN_UNREACHABLE_CODE = YES;
				CLANG_WARN__DUPLICATE_METHOD_MATCH = YES;
				CODE_SIGN_IDENTITY = "iPhone Developer";
				COPY_PHASE_STRIP = NO;
				DEBUG_INFORMATION_FORMAT = dwarf;
				ENABLE_STRICT_OBJC_MSGSEND = YES;
				ENABLE_TESTABILITY = YES;
				GCC_C_LANGUAGE_STANDARD = gnu11;
				GCC_DYNAMIC_NO_PIC = NO;
				GCC_NO_COMMON_BLOCKS = YES;
				GCC_OPTIMIZATION_LEVEL = 0;
				GCC_PREPROCESSOR_DEFINITIONS = (
					"DEBUG=1",
					"$(inherited)",
				);
				GCC_WARN_64_TO_32_BIT_CONVERSION = YES;
				GCC_WARN_ABOUT_RETURN_TYPE = YES_ERROR;
				GCC_WARN_UNDECLARED_SELECTOR = YES;
				GCC_WARN_UNINITIALIZED_AUTOS = YES_AGGRESSIVE;
				GCC_WARN_UNUSED_FUNCTION = YES;
				GCC_WARN_UNUSED_VARIABLE = YES;
				IPHONEOS_DEPLOYMENT_TARGET = 11.3;
				MTL_ENABLE_DEBUG_INFO = YES;
				ONLY_ACTIVE_ARCH = YES;
				SDKROOT = iphoneos;
				SWIFT_ACTIVE_COMPILATION_CONDITIONS = DEBUG;
				SWIFT_OPTIMIZATION_LEVEL = "-Onone";
			};
			name = Debug;
		};
		8D353559206F9EF200AA967E /* Release */ = {
			isa = XCBuildConfiguration;
			buildSettings = {
				ALWAYS_SEARCH_USER_PATHS = NO;
				CLANG_ANALYZER_NONNULL = YES;
				CLANG_ANALYZER_NUMBER_OBJECT_CONVERSION = YES_AGGRESSIVE;
				CLANG_CXX_LANGUAGE_STANDARD = "gnu++14";
				CLANG_CXX_LIBRARY = "libc++";
				CLANG_ENABLE_MODULES = YES;
				CLANG_ENABLE_OBJC_ARC = YES;
				CLANG_ENABLE_OBJC_WEAK = YES;
				CLANG_WARN_BLOCK_CAPTURE_AUTORELEASING = YES;
				CLANG_WARN_BOOL_CONVERSION = YES;
				CLANG_WARN_COMMA = YES;
				CLANG_WARN_CONSTANT_CONVERSION = YES;
				CLANG_WARN_DEPRECATED_OBJC_IMPLEMENTATIONS = YES;
				CLANG_WARN_DIRECT_OBJC_ISA_USAGE = YES_ERROR;
				CLANG_WARN_DOCUMENTATION_COMMENTS = YES;
				CLANG_WARN_EMPTY_BODY = YES;
				CLANG_WARN_ENUM_CONVERSION = YES;
				CLANG_WARN_INFINITE_RECURSION = YES;
				CLANG_WARN_INT_CONVERSION = YES;
				CLANG_WARN_NON_LITERAL_NULL_CONVERSION = YES;
				CLANG_WARN_OBJC_IMPLICIT_RETAIN_SELF = YES;
				CLANG_WARN_OBJC_LITERAL_CONVERSION = YES;
				CLANG_WARN_OBJC_ROOT_CLASS = YES_ERROR;
				CLANG_WARN_RANGE_LOOP_ANALYSIS = YES;
				CLANG_WARN_STRICT_PROTOTYPES = YES;
				CLANG_WARN_SUSPICIOUS_MOVE = YES;
				CLANG_WARN_UNGUARDED_AVAILABILITY = YES_AGGRESSIVE;
				CLANG_WARN_UNREACHABLE_CODE = YES;
				CLANG_WARN__DUPLICATE_METHOD_MATCH = YES;
				CODE_SIGN_IDENTITY = "iPhone Developer";
				COPY_PHASE_STRIP = NO;
				DEBUG_INFORMATION_FORMAT = "dwarf-with-dsym";
				ENABLE_NS_ASSERTIONS = NO;
				ENABLE_STRICT_OBJC_MSGSEND = YES;
				GCC_C_LANGUAGE_STANDARD = gnu11;
				GCC_NO_COMMON_BLOCKS = YES;
				GCC_WARN_64_TO_32_BIT_CONVERSION = YES;
				GCC_WARN_ABOUT_RETURN_TYPE = YES_ERROR;
				GCC_WARN_UNDECLARED_SELECTOR = YES;
				GCC_WARN_UNINITIALIZED_AUTOS = YES_AGGRESSIVE;
				GCC_WARN_UNUSED_FUNCTION = YES;
				GCC_WARN_UNUSED_VARIABLE = YES;
				IPHONEOS_DEPLOYMENT_TARGET = 11.3;
				MTL_ENABLE_DEBUG_INFO = NO;
				SDKROOT = iphoneos;
				SWIFT_COMPILATION_MODE = wholemodule;
				SWIFT_OPTIMIZATION_LEVEL = "-O";
				VALIDATE_PRODUCT = YES;
			};
			name = Release;
		};
		8D35355B206F9EF200AA967E /* Debug */ = {
			isa = XCBuildConfiguration;
			baseConfigurationReference = 1C61FEEDC902AABCAF44046F /* Pods-unicornUploader.debug.xcconfig */;
			buildSettings = {
				ASSETCATALOG_COMPILER_APPICON_NAME = AppIcon;
				CODE_SIGN_STYLE = Automatic;
				DEVELOPMENT_TEAM = 29659WGHS2;
				INFOPLIST_FILE = unicornUploader/Info.plist;
				LD_RUNPATH_SEARCH_PATHS = (
					"$(inherited)",
					"@executable_path/Frameworks",
				);
				PRODUCT_BUNDLE_IDENTIFIER = com.demo.unicornUploader;
				PRODUCT_NAME = "$(TARGET_NAME)";
				SWIFT_VERSION = 4.0;
				TARGETED_DEVICE_FAMILY = "1,2";
			};
			name = Debug;
		};
		8D35355C206F9EF200AA967E /* Release */ = {
			isa = XCBuildConfiguration;
			baseConfigurationReference = 2B50EC1EFD038814F87439DB /* Pods-unicornUploader.release.xcconfig */;
			buildSettings = {
				ASSETCATALOG_COMPILER_APPICON_NAME = AppIcon;
				CODE_SIGN_STYLE = Automatic;
				DEVELOPMENT_TEAM = 29659WGHS2;
				INFOPLIST_FILE = unicornUploader/Info.plist;
				LD_RUNPATH_SEARCH_PATHS = (
					"$(inherited)",
					"@executable_path/Frameworks",
				);
				PRODUCT_BUNDLE_IDENTIFIER = com.demo.unicornUploader;
				PRODUCT_NAME = "$(TARGET_NAME)";
				SWIFT_VERSION = 4.0;
				TARGETED_DEVICE_FAMILY = "1,2";
			};
			name = Release;
		};
/* End XCBuildConfiguration section */

/* Begin XCConfigurationList section */
		8D353543206F9EEF00AA967E /* Build configuration list for PBXProject "unicornUploader" */ = {
			isa = XCConfigurationList;
			buildConfigurations = (
				8D353558206F9EF200AA967E /* Debug */,
				8D353559206F9EF200AA967E /* Release */,
			);
			defaultConfigurationIsVisible = 0;
			defaultConfigurationName = Release;
		};
		8D35355A206F9EF200AA967E /* Build configuration list for PBXNativeTarget "unicornUploader" */ = {
			isa = XCConfigurationList;
			buildConfigurations = (
				8D35355B206F9EF200AA967E /* Debug */,
				8D35355C206F9EF200AA967E /* Release */,
			);
			defaultConfigurationIsVisible = 0;
			defaultConfigurationName = Release;
		};
/* End XCConfigurationList section */
	};
	rootObject = 8D353540206F9EEF00AA967E /* Project object */;
}
